
Microsoft Visual Studio Solution File, Format Version 12.00
# Visual Studio Version 17
VisualStudioVersion = 17.9.34728.123
MinimumVisualStudioVersion = 10.0.40219.1
Project("{8BC9CEB8-8B4A-11D0-8D11-00A0C91BC942}") = "Vukan_Triangle", "Vukan_Triangle\Vukan_Triangle.vcxproj", "{AC4691B2-98CC-4CA0-B70D-7D97CF594F90}"
EndProject
Global
	GlobalSection(SolutionConfigurationPlatforms) = preSolution
		Debug|x64 = Debug|x64
		Debug|x86 = Debug|x86
		Release|x64 = Release|x64
		Release|x86 = Release|x86
	EndGlobalSection
	GlobalSection(ProjectConfigurationPlatforms) = postSolution
		{AC4691B2-98CC-4CA0-B70D-7D97CF594F90}.Debug|x64.ActiveCfg = Debug|x64
		{AC4691B2-98CC-4CA0-B70D-7D97CF594F90}.Debug|x64.Build.0 = Debug|x64
		{AC4691B2-98CC-4CA0-B70D-7D97CF594F90}.Debug|x86.ActiveCfg = Debug|Win32
		{AC4691B2-98CC-4CA0-B70D-7D97CF594F90}.Debug|x86.Build.0 = Debug|Win32
		{AC4691B2-98CC-4CA0-B70D-7D97CF594F90}.Release|x64.ActiveCfg = Release|x64
		{AC4691B2-98CC-4CA0-B70D-7D97CF594F90}.Release|x64.Build.0 = Release|x64
		{AC4691B2-98CC-4CA0-B70D-7D97CF594F90}.Release|x86.ActiveCfg = Release|Win32
		{AC4691B2-98CC-4CA0-B70D-7D97CF594F90}.Release|x86.Build.0 = Release|Win32
	EndGlobalSection
	GlobalSection(SolutionProperties) = preSolution
		HideSolutionNode = FALSE
	EndGlobalSection
	GlobalSection(ExtensibilityGlobals) = postSolution
		SolutionGuid = {73EC3C11-54E0-447F-AAB7-03709D5624B4}
	EndGlobalSection
EndGlobal
